
Microsoft Visual Studio Solution File, Format Version 12.00
# Visual Studio Version 17
VisualStudioVersion = 17.0.31903.59
MinimumVisualStudioVersion = 10.0.40219.1
Project("{2150E333-8FDC-42A3-9474-1A3956D46DE8}") = "src", "src", "{853A1538-DA2A-41B8-9EB1-AD3AF314835C}"
EndProject
Project("{2150E333-8FDC-42A3-9474-1A3956D46DE8}") = "CleanArchitecture", "CleanArchitecture", "{C7824EF6-45EB-454C-80F9-139B1BF35AF8}"
EndProject
Project("{FAE04EC0-301F-11D3-BF4B-00C04F79EFBC}") = "CleanArchitecture.Domain", "src\CleanArchitecture\CleanArchitecture.Domain\CleanArchitecture.Domain.csproj", "{7FFB7AF0-8E76-46EE-9E4E-F7249D106A9C}"
EndProject
Project("{FAE04EC0-301F-11D3-BF4B-00C04F79EFBC}") = "CleanArchitecture.Application", "src\CleanArchitecture\CleanArchitecture.Application\CleanArchitecture.Application.csproj", "{D8D07518-1034-4373-8142-12AFB56349F1}"
EndProject
Project("{FAE04EC0-301F-11D3-BF4B-00C04F79EFBC}") = "CleanArchitecture.Infrastructure", "src\CleanArchitecture\CleanArchitecture.Infrastructure\CleanArchitecture.Infrastructure.csproj", "{CDD3EB55-2693-4756-AD44-530016FA6920}"
EndProject
Project("{FAE04EC0-301F-11D3-BF4B-00C04F79EFBC}") = "CleanArchitecture.Api", "src\CleanArchitecture\CleanArchitecture.Api\CleanArchitecture.Api.csproj", "{8E9743E0-F136-4B36-B9AB-CC28AE011E34}"
EndProject
Global
	GlobalSection(SolutionConfigurationPlatforms) = preSolution
		Debug|Any CPU = Debug|Any CPU
		Release|Any CPU = Release|Any CPU
	EndGlobalSection
	GlobalSection(SolutionProperties) = preSolution
		HideSolutionNode = FALSE
	EndGlobalSection
	GlobalSection(ProjectConfigurationPlatforms) = postSolution
		{7FFB7AF0-8E76-46EE-9E4E-F7249D106A9C}.Debug|Any CPU.ActiveCfg = Debug|Any CPU
		{7FFB7AF0-8E76-46EE-9E4E-F7249D106A9C}.Debug|Any CPU.Build.0 = Debug|Any CPU
		{7FFB7AF0-8E76-46EE-9E4E-F7249D106A9C}.Release|Any CPU.ActiveCfg = Release|Any CPU
		{7FFB7AF0-8E76-46EE-9E4E-F7249D106A9C}.Release|Any CPU.Build.0 = Release|Any CPU
		{D8D07518-1034-4373-8142-12AFB56349F1}.Debug|Any CPU.ActiveCfg = Debug|Any CPU
		{D8D07518-1034-4373-8142-12AFB56349F1}.Debug|Any CPU.Build.0 = Debug|Any CPU
		{D8D07518-1034-4373-8142-12AFB56349F1}.Release|Any CPU.ActiveCfg = Release|Any CPU
		{D8D07518-1034-4373-8142-12AFB56349F1}.Release|Any CPU.Build.0 = Release|Any CPU
		{CDD3EB55-2693-4756-AD44-530016FA6920}.Debug|Any CPU.ActiveCfg = Debug|Any CPU
		{CDD3EB55-2693-4756-AD44-530016FA6920}.Debug|Any CPU.Build.0 = Debug|Any CPU
		{CDD3EB55-2693-4756-AD44-530016FA6920}.Release|Any CPU.ActiveCfg = Release|Any CPU
		{CDD3EB55-2693-4756-AD44-530016FA6920}.Release|Any CPU.Build.0 = Release|Any CPU
		{8E9743E0-F136-4B36-B9AB-CC28AE011E34}.Debug|Any CPU.ActiveCfg = Debug|Any CPU
		{8E9743E0-F136-4B36-B9AB-CC28AE011E34}.Debug|Any CPU.Build.0 = Debug|Any CPU
		{8E9743E0-F136-4B36-B9AB-CC28AE011E34}.Release|Any CPU.ActiveCfg = Release|Any CPU
		{8E9743E0-F136-4B36-B9AB-CC28AE011E34}.Release|Any CPU.Build.0 = Release|Any CPU
	EndGlobalSection
	GlobalSection(NestedProjects) = preSolution
		{C7824EF6-45EB-454C-80F9-139B1BF35AF8} = {853A1538-DA2A-41B8-9EB1-AD3AF314835C}
		{7FFB7AF0-8E76-46EE-9E4E-F7249D106A9C} = {C7824EF6-45EB-454C-80F9-139B1BF35AF8}
		{D8D07518-1034-4373-8142-12AFB56349F1} = {C7824EF6-45EB-454C-80F9-139B1BF35AF8}
		{CDD3EB55-2693-4756-AD44-530016FA6920} = {C7824EF6-45EB-454C-80F9-139B1BF35AF8}
		{8E9743E0-F136-4B36-B9AB-CC28AE011E34} = {C7824EF6-45EB-454C-80F9-139B1BF35AF8}
	EndGlobalSection
EndGlobal
